{
  "name": "cljam-mcp-workspace",
  "lockfileVersion": 3,
  "requires": true,
  "packages": {
    "": {
      "name": "cljam-mcp-workspace",
      "devDependencies": {
        "@regibyte/cljam": "file:../../packages/cljam",
        "@regibyte/cljam-date": "file:../../packages/cljam-date",
        "@regibyte/cljam-integrant": "file:../../packages/cljam-integrant",
        "@regibyte/cljam-ring": "file:../../packages/cljam-ring",
        "@regibyte/cljam-schema": "file:../../packages/cljam-schema"
      }
    },
    "../../packages/cljam": {
      "name": "@regibyte/cljam",
      "version": "0.0.21",
      "dev": true,
      "license": "MIT",
      "bin": {
        "cljam": "dist-cli/cljam.mjs"
      },
      "devDependencies": {
        "@types/bun": "^1.3.10",
        "@types/node": "^25.3.5",
        "@vitest/coverage-v8": "^4.0.18",
        "@vitest/ui": "^4.0.18",
        "esbuild": "^0.27.0",
        "prettier": "^3.8.1",
        "typescript": "~5.9.3",
        "vite": "^7.3.1",
        "vitest": "^4.0.18"
      }
    },
    "../../packages/cljam-date": {
      "name": "@regibyte/cljam-date",
      "version": "0.1.6",
      "dev": true,
      "license": "MIT",
      "devDependencies": {
        "@regibyte/cljam": "file:../cljam",
        "@types/node": "^25.3.5",
        "typescript": "~5.9.3",
        "vitest": "^4.0.18"
      },
      "peerDependencies": {
        "@regibyte/cljam": ">=0.0.21"
      }
    },
    "../../packages/cljam-integrant": {
      "name": "@regibyte/cljam-integrant",
      "version": "0.1.6",
      "dev": true,
      "license": "MIT",
      "devDependencies": {
        "@regibyte/cljam": "file:../cljam",
        "@types/node": "^25.3.5",
        "typescript": "~5.9.3",
        "vitest": "^4.0.18"
      },
      "peerDependencies": {
        "@regibyte/cljam": ">=0.0.21"
      }
    },
    "../../packages/cljam-ring": {
      "name": "@regibyte/cljam-ring",
      "version": "0.1.0",
      "dev": true,
      "license": "MIT",
      "devDependencies": {
        "@regibyte/cljam": "file:../cljam",
        "@types/node": "^25.3.5",
        "typescript": "~5.9.3",
        "vitest": "^4.0.18"
      },
      "peerDependencies": {
        "@regibyte/cljam": ">=0.0.21"
      }
    },
    "../../packages/cljam-schema": {
      "name": "@regibyte/cljam-schema",
      "version": "0.1.3",
      "dev": true,
      "license": "MIT",
      "devDependencies": {
        "@regibyte/cljam": "file:../cljam",
        "@types/node": "^25.3.5",
        "typescript": "~5.9.3",
        "vitest": "^4.0.18"
      },
      "peerDependencies": {
        "@regibyte/cljam": ">=0.0.21"
      }
    },
    "node_modules/@regibyte/cljam": {
      "resolved": "../../packages/cljam",
      "link": true
    },
    "node_modules/@regibyte/cljam-date": {
      "resolved": "../../packages/cljam-date",
      "link": true
    },
    "node_modules/@regibyte/cljam-integrant": {
      "resolved": "../../packages/cljam-integrant",
      "link": true
    },
    "node_modules/@regibyte/cljam-ring": {
      "resolved": "../../packages/cljam-ring",
      "link": true
    },
    "node_modules/@regibyte/cljam-schema": {
      "resolved": "../../packages/cljam-schema",
      "link": true
    }
  }
}
